
Microsoft Visual Studio Solution File, Format Version 12.00
# Visual Studio Version 17
VisualStudioVersion = 17.10.34928.147
MinimumVisualStudioVersion = 10.0.40219.1
Project("{9A19103F-16F7-4668-BE54-9A1E7A4F7556}") = "SGC.DAL", "SGC.DAL\SGC.DAL.csproj", "{6344DCA7-79BB-4102-A64C-AAE656B69F88}"
EndProject
Project("{9A19103F-16F7-4668-BE54-9A1E7A4F7556}") = "SGC.BLL", "SGC.BLL\SGC.BLL.csproj", "{D6689CA3-6215-4954-94B3-0B1D74E27BDC}"
EndProject
Project("{9A19103F-16F7-4668-BE54-9A1E7A4F7556}") = "SGC.MVC", "SGC.MVC\SGC.MVC.csproj", "{452CB0DB-139F-443D-AD84-D11D715AB554}"
EndProject
Global
	GlobalSection(SolutionConfigurationPlatforms) = preSolution
		Debug|Any CPU = Debug|Any CPU
		Release|Any CPU = Release|Any CPU
	EndGlobalSection
	GlobalSection(ProjectConfigurationPlatforms) = postSolution
		{6344DCA7-79BB-4102-A64C-AAE656B69F88}.Debug|Any CPU.ActiveCfg = Debug|Any CPU
		{6344DCA7-79BB-4102-A64C-AAE656B69F88}.Debug|Any CPU.Build.0 = Debug|Any CPU
		{6344DCA7-79BB-4102-A64C-AAE656B69F88}.Release|Any CPU.ActiveCfg = Release|Any CPU
		{6344DCA7-79BB-4102-A64C-AAE656B69F88}.Release|Any CPU.Build.0 = Release|Any CPU
		{D6689CA3-6215-4954-94B3-0B1D74E27BDC}.Debug|Any CPU.ActiveCfg = Debug|Any CPU
		{D6689CA3-6215-4954-94B3-0B1D74E27BDC}.Debug|Any CPU.Build.0 = Debug|Any CPU
		{D6689CA3-6215-4954-94B3-0B1D74E27BDC}.Release|Any CPU.ActiveCfg = Release|Any CPU
		{D6689CA3-6215-4954-94B3-0B1D74E27BDC}.Release|Any CPU.Build.0 = Release|Any CPU
		{452CB0DB-139F-443D-AD84-D11D715AB554}.Debug|Any CPU.ActiveCfg = Debug|Any CPU
		{452CB0DB-139F-443D-AD84-D11D715AB554}.Debug|Any CPU.Build.0 = Debug|Any CPU
		{452CB0DB-139F-443D-AD84-D11D715AB554}.Release|Any CPU.ActiveCfg = Release|Any CPU
		{452CB0DB-139F-443D-AD84-D11D715AB554}.Release|Any CPU.Build.0 = Release|Any CPU
	EndGlobalSection
	GlobalSection(SolutionProperties) = preSolution
		HideSolutionNode = FALSE
	EndGlobalSection
	GlobalSection(ExtensibilityGlobals) = postSolution
		SolutionGuid = {E299FB6E-6860-47D6-A57F-D332635189B8}
	EndGlobalSection
EndGlobal
