
Microsoft Visual Studio Solution File, Format Version 12.00
# Visual Studio Version 17
VisualStudioVersion = 17.10.34928.147
MinimumVisualStudioVersion = 10.0.40219.1
Project("{FAE04EC0-301F-11D3-BF4B-00C04F79EFBC}") = "SGC.SeguimientoCreditos.API", "SGC.SeguimientoCreditos.API\SGC.SeguimientoCreditos.API.csproj", "{843F38DC-0B9A-4B91-B6BE-EC099F15DA4C}"
EndProject
Project("{FAE04EC0-301F-11D3-BF4B-00C04F79EFBC}") = "SGC.SeguimientoCreditos.BLL", "SGC.SeguimientoCreditos.BLL\SGC.SeguimientoCreditos.BLL.csproj", "{C0643964-4F09-43B0-803A-9D2DE53E425D}"
EndProject
Project("{FAE04EC0-301F-11D3-BF4B-00C04F79EFBC}") = "SGC.SeguimientoCreditos.DAL", "SGC.SeguimientoCreditos.DAL\SGC.SeguimientoCreditos.DAL.csproj", "{D520418F-439A-4C9A-9A5E-998768489FCB}"
EndProject
Global
	GlobalSection(SolutionConfigurationPlatforms) = preSolution
		Debug|Any CPU = Debug|Any CPU
		Release|Any CPU = Release|Any CPU
	EndGlobalSection
	GlobalSection(ProjectConfigurationPlatforms) = postSolution
		{843F38DC-0B9A-4B91-B6BE-EC099F15DA4C}.Debug|Any CPU.ActiveCfg = Debug|Any CPU
		{843F38DC-0B9A-4B91-B6BE-EC099F15DA4C}.Debug|Any CPU.Build.0 = Debug|Any CPU
		{843F38DC-0B9A-4B91-B6BE-EC099F15DA4C}.Release|Any CPU.ActiveCfg = Release|Any CPU
		{843F38DC-0B9A-4B91-B6BE-EC099F15DA4C}.Release|Any CPU.Build.0 = Release|Any CPU
		{C0643964-4F09-43B0-803A-9D2DE53E425D}.Debug|Any CPU.ActiveCfg = Debug|Any CPU
		{C0643964-4F09-43B0-803A-9D2DE53E425D}.Debug|Any CPU.Build.0 = Debug|Any CPU
		{C0643964-4F09-43B0-803A-9D2DE53E425D}.Release|Any CPU.ActiveCfg = Release|Any CPU
		{C0643964-4F09-43B0-803A-9D2DE53E425D}.Release|Any CPU.Build.0 = Release|Any CPU
		{D520418F-439A-4C9A-9A5E-998768489FCB}.Debug|Any CPU.ActiveCfg = Debug|Any CPU
		{D520418F-439A-4C9A-9A5E-998768489FCB}.Debug|Any CPU.Build.0 = Debug|Any CPU
		{D520418F-439A-4C9A-9A5E-998768489FCB}.Release|Any CPU.ActiveCfg = Release|Any CPU
		{D520418F-439A-4C9A-9A5E-998768489FCB}.Release|Any CPU.Build.0 = Release|Any CPU
	EndGlobalSection
	GlobalSection(SolutionProperties) = preSolution
		HideSolutionNode = FALSE
	EndGlobalSection
	GlobalSection(ExtensibilityGlobals) = postSolution
		SolutionGuid = {0A73DD58-CFE0-4FBB-BD21-FCBF2D21090D}
	EndGlobalSection
EndGlobal
